github.com/line/line-bot-sdk-go v7.8.0+incompatible h1:Uf9/OxV0zCVfqyvwZPH8CrdiHXXmMRa/L91G3btQblQ=
github.com/line/line-bot-sdk-go v7.8.0+incompatible/go.mod h1:0RjLjJEAU/3GIcHkC3av6O4jInAbt25nnZVmOFUgDBg=
github.com/sashabaranov/go-gpt3 v0.0.0-20221216095610-1c20931ead68 h1:0g+W77usi8tTHViKpQQr7MHphLsI32zX8HtOeigDGKo=
github.com/sashabaranov/go-gpt3 v0.0.0-20221216095610-1c20931ead68/go.mod h1:BIZdbwdzxZbCrcKGMGH6u2eyGe1xFuX9Anmh3tCP8lQ=
